
Microsoft Visual Studio Solution File, Format Version 12.00
# Visual Studio Version 17
VisualStudioVersion = 17.2.32210.308
MinimumVisualStudioVersion = 10.0.40219.1
Project("{FAE04EC0-301F-11D3-BF4B-00C04F79EFBC}") = "Dispatch", "Dispatch\Dispatch.csproj", "{77320ADB-8ACD-46EE-86AE-E49FF12611CD}"
EndProject
Project("{FAE04EC0-301F-11D3-BF4B-00C04F79EFBC}") = "Dispatch.WPF", "Dispatch.WPF\Dispatch.WPF.csproj", "{4C5947EF-0F8D-49CC-BEC9-F3E52F934CF7}"
EndProject
Global
	GlobalSection(SolutionConfigurationPlatforms) = preSolution
		Debug|Any CPU = Debug|Any CPU
		Debug|arm64 = Debug|arm64
		Debug|x64 = Debug|x64
		Debug|x86 = Debug|x86
		Release|Any CPU = Release|Any CPU
		Release|arm64 = Release|arm64
		Release|x64 = Release|x64
		Release|x86 = Release|x86
	EndGlobalSection
	GlobalSection(ProjectConfigurationPlatforms) = postSolution
		{77320ADB-8ACD-46EE-86AE-E49FF12611CD}.Debug|Any CPU.ActiveCfg = Debug|x64
		{77320ADB-8ACD-46EE-86AE-E49FF12611CD}.Debug|Any CPU.Build.0 = Debug|x64
		{77320ADB-8ACD-46EE-86AE-E49FF12611CD}.Debug|Any CPU.Deploy.0 = Debug|x64
		{77320ADB-8ACD-46EE-86AE-E49FF12611CD}.Debug|arm64.ActiveCfg = Debug|arm64
		{77320ADB-8ACD-46EE-86AE-E49FF12611CD}.Debug|arm64.Build.0 = Debug|arm64
		{77320ADB-8ACD-46EE-86AE-E49FF12611CD}.Debug|arm64.Deploy.0 = Debug|arm64
		{77320ADB-8ACD-46EE-86AE-E49FF12611CD}.Debug|x64.ActiveCfg = Debug|x64
		{77320ADB-8ACD-46EE-86AE-E49FF12611CD}.Debug|x64.Build.0 = Debug|x64
		{77320ADB-8ACD-46EE-86AE-E49FF12611CD}.Debug|x64.Deploy.0 = Debug|x64
		{77320ADB-8ACD-46EE-86AE-E49FF12611CD}.Debug|x86.ActiveCfg = Debug|x86
		{77320ADB-8ACD-46EE-86AE-E49FF12611CD}.Debug|x86.Build.0 = Debug|x86
		{77320ADB-8ACD-46EE-86AE-E49FF12611CD}.Debug|x86.Deploy.0 = Debug|x86
		{77320ADB-8ACD-46EE-86AE-E49FF12611CD}.Release|Any CPU.ActiveCfg = Release|x64
		{77320ADB-8ACD-46EE-86AE-E49FF12611CD}.Release|Any CPU.Build.0 = Release|x64
		{77320ADB-8ACD-46EE-86AE-E49FF12611CD}.Release|Any CPU.Deploy.0 = Release|x64
		{77320ADB-8ACD-46EE-86AE-E49FF12611CD}.Release|arm64.ActiveCfg = Release|arm64
		{77320ADB-8ACD-46EE-86AE-E49FF12611CD}.Release|arm64.Build.0 = Release|arm64
		{77320ADB-8ACD-46EE-86AE-E49FF12611CD}.Release|arm64.Deploy.0 = Release|arm64
		{77320ADB-8ACD-46EE-86AE-E49FF12611CD}.Release|x64.ActiveCfg = Release|x64
		{77320ADB-8ACD-46EE-86AE-E49FF12611CD}.Release|x64.Build.0 = Release|x64
		{77320ADB-8ACD-46EE-86AE-E49FF12611CD}.Release|x64.Deploy.0 = Release|x64
		{77320ADB-8ACD-46EE-86AE-E49FF12611CD}.Release|x86.ActiveCfg = Release|x86
		{77320ADB-8ACD-46EE-86AE-E49FF12611CD}.Release|x86.Build.0 = Release|x86
		{77320ADB-8ACD-46EE-86AE-E49FF12611CD}.Release|x86.Deploy.0 = Release|x86
		{4C5947EF-0F8D-49CC-BEC9-F3E52F934CF7}.Debug|Any CPU.ActiveCfg = Debug|Any CPU
		{4C5947EF-0F8D-49CC-BEC9-F3E52F934CF7}.Debug|Any CPU.Build.0 = Debug|Any CPU
		{4C5947EF-0F8D-49CC-BEC9-F3E52F934CF7}.Debug|arm64.ActiveCfg = Debug|Any CPU
		{4C5947EF-0F8D-49CC-BEC9-F3E52F934CF7}.Debug|arm64.Build.0 = Debug|Any CPU
		{4C5947EF-0F8D-49CC-BEC9-F3E52F934CF7}.Debug|x64.ActiveCfg = Debug|Any CPU
		{4C5947EF-0F8D-49CC-BEC9-F3E52F934CF7}.Debug|x64.Build.0 = Debug|Any CPU
		{4C5947EF-0F8D-49CC-BEC9-F3E52F934CF7}.Debug|x86.ActiveCfg = Debug|Any CPU
		{4C5947EF-0F8D-49CC-BEC9-F3E52F934CF7}.Debug|x86.Build.0 = Debug|Any CPU
		{4C5947EF-0F8D-49CC-BEC9-F3E52F934CF7}.Release|Any CPU.ActiveCfg = Release|Any CPU
		{4C5947EF-0F8D-49CC-BEC9-F3E52F934CF7}.Release|Any CPU.Build.0 = Release|Any CPU
		{4C5947EF-0F8D-49CC-BEC9-F3E52F934CF7}.Release|arm64.ActiveCfg = Release|Any CPU
		{4C5947EF-0F8D-49CC-BEC9-F3E52F934CF7}.Release|arm64.Build.0 = Release|Any CPU
		{4C5947EF-0F8D-49CC-BEC9-F3E52F934CF7}.Release|x64.ActiveCfg = Release|Any CPU
		{4C5947EF-0F8D-49CC-BEC9-F3E52F934CF7}.Release|x64.Build.0 = Release|Any CPU
		{4C5947EF-0F8D-49CC-BEC9-F3E52F934CF7}.Release|x86.ActiveCfg = Release|Any CPU
		{4C5947EF-0F8D-49CC-BEC9-F3E52F934CF7}.Release|x86.Build.0 = Release|Any CPU
	EndGlobalSection
	GlobalSection(SolutionProperties) = preSolution
		HideSolutionNode = FALSE
	EndGlobalSection
	GlobalSection(ExtensibilityGlobals) = postSolution
		SolutionGuid = {C9085D7D-716C-48F5-9D26-5B85AC06B1B1}
	EndGlobalSection
EndGlobal
